{
  "requires": true,
  "lockfileVersion": 1,
  "dependencies": {
    "tasks-for-hugo-netlify-integration": {
      "version": "file:tasks",
      "requires": {
        "simple-git": "1.92.0"
      },
      "dependencies": {
        "debug": {
          "version": "3.1.0",
          "bundled": true,
          "requires": {
            "ms": "2.0.0"
          }
        },
        "ms": {
          "version": "2.0.0",
          "bundled": true
        },
        "simple-git": {
          "version": "1.92.0",
          "bundled": true,
          "requires": {
            "debug": "3.1.0"
          }
        }
      }
    }
  }
}
